# This file is automatically @generated by Cargo.
# It is not intended for manual editing.
version = 4

[[package]]
name = "husky-rs"
version = "0.1.3"
source = "registry+https://github.com/rust-lang/crates.io-index"
checksum = "9729fb312823e96d3520a40b5437feabe9f9781eeabbbf6b16f36419c3f22ccc"

[[package]]
name = "rustydrum"
version = "0.1.0"
dependencies = [
 "husky-rs",
]
